
Microsoft Visual Studio Solution File, Format Version 12.00
# Visual Studio Version 17
VisualStudioVersion = 17.1.32421.90
MinimumVisualStudioVersion = 10.0.40219.1
Project("{FAE04EC0-301F-11D3-BF4B-00C04F79EFBC}") = "Deliverable2Haupt", "Deliverable2Haupt\Deliverable2Haupt.csproj", "{A187CF22-5502-49E4-A488-66D25C86257E}"
EndProject
Global
	GlobalSection(SolutionConfigurationPlatforms) = preSolution
		Debug|Any CPU = Debug|Any CPU
		Release|Any CPU = Release|Any CPU
	EndGlobalSection
	GlobalSection(ProjectConfigurationPlatforms) = postSolution
		{A187CF22-5502-49E4-A488-66D25C86257E}.Debug|Any CPU.ActiveCfg = Debug|Any CPU
		{A187CF22-5502-49E4-A488-66D25C86257E}.Debug|Any CPU.Build.0 = Debug|Any CPU
		{A187CF22-5502-49E4-A488-66D25C86257E}.Release|Any CPU.ActiveCfg = Release|Any CPU
		{A187CF22-5502-49E4-A488-66D25C86257E}.Release|Any CPU.Build.0 = Release|Any CPU
	EndGlobalSection
	GlobalSection(SolutionProperties) = preSolution
		HideSolutionNode = FALSE
	EndGlobalSection
	GlobalSection(ExtensibilityGlobals) = postSolution
		SolutionGuid = {CD2A5C0F-33EB-4654-A163-61BD337EB0F7}
	EndGlobalSection
EndGlobal
